// !$*UTF8*$!
{
	archiveVersion = 1;
	classes = {
	};
	objectVersion = 77;
	objects = {

/* Begin PBXBuildFile section */
		A112A01C2EDAAF0100019370 /* FlowForecast in Frameworks */ = {isa = PBXBuildFile; productRef = A112A01B2EDAAF0100019370 /* FlowForecast */; };
		A1387DDC2EF60C0500E8E735 /* AccessibleUI in Frameworks */ = {isa = PBXBuildFile; productRef = A1387DDB2EF60C0500E8E735 /* AccessibleUI */; };
		A1502F8D2EF2988900DCCBA0 /* SharedFeatures in Frameworks */ = {isa = PBXBuildFile; productRef = A1502F8C2EF2988900DCCBA0 /* SharedFeatures */; };
		A15030002EF32A7C00DCCBA0 /* AppDatabase in Frameworks */ = {isa = PBXBuildFile; productRef = A1502FFF2EF32A7C00DCCBA0 /* AppDatabase */; };
		A15030022EF32A7C00DCCBA0 /* AppTelemetry in Frameworks */ = {isa = PBXBuildFile; productRef = A15030012EF32A7C00DCCBA0 /* AppTelemetry */; };
		A15030042EF32A7C00DCCBA0 /* GaugeDrivers in Frameworks */ = {isa = PBXBuildFile; productRef = A15030032EF32A7C00DCCBA0 /* GaugeDrivers */; };
		A15030062EF32A7C00DCCBA0 /* GaugeService in Frameworks */ = {isa = PBXBuildFile; productRef = A15030052EF32A7C00DCCBA0 /* GaugeService */; };
		A15030082EF32A7C00DCCBA0 /* GaugeSources in Frameworks */ = {isa = PBXBuildFile; productRef = A15030072EF32A7C00DCCBA0 /* GaugeSources */; };
		A150300A2EF32A7C00DCCBA0 /* SharedFeatures in Frameworks */ = {isa = PBXBuildFile; productRef = A15030092EF32A7C00DCCBA0 /* SharedFeatures */; };
		A150300C2EF32A7C00DCCBA0 /* SQLiteData in Frameworks */ = {isa = PBXBuildFile; productRef = A150300B2EF32A7C00DCCBA0 /* SQLiteData */; };
		A150300E2EF32A7C00DCCBA0 /* ComposableArchitecture in Frameworks */ = {isa = PBXBuildFile; productRef = A150300D2EF32A7C00DCCBA0 /* ComposableArchitecture */; };
		A15030102EF32A7C00DCCBA0 /* Loadable in Frameworks */ = {isa = PBXBuildFile; productRef = A150300F2EF32A7C00DCCBA0 /* Loadable */; };
		A1526C2A2ED4D4BD0063C7FA /* GaugeDrivers in Frameworks */ = {isa = PBXBuildFile; productRef = A1526C292ED4D4BD0063C7FA /* GaugeDrivers */; };
		A1526C602ED4EAA00063C7FA /* Algorithms in Frameworks */ = {isa = PBXBuildFile; productRef = A1526C5F2ED4EAA00063C7FA /* Algorithms */; };
		A1526C722ED51C490063C7FA /* AccessibleUI in Frameworks */ = {isa = PBXBuildFile; productRef = A1526C712ED51C490063C7FA /* AccessibleUI */; };
		A1526C912ED51FCC0063C7FA /* UIAppearance in Frameworks */ = {isa = PBXBuildFile; productRef = A1526C902ED51FCC0063C7FA /* UIAppearance */; };
		A1526CAD2ED526D30063C7FA /* AppTelemetry in Frameworks */ = {isa = PBXBuildFile; productRef = A1526CAC2ED526D30063C7FA /* AppTelemetry */; };
		A16CEB9B2ED2187400DAD9D4 /* ComposableArchitecture in Frameworks */ = {isa = PBXBuildFile; productRef = A16CEB9A2ED2187400DAD9D4 /* ComposableArchitecture */; };
		A16CEBA62ED2193400DAD9D4 /* Loadable in Frameworks */ = {isa = PBXBuildFile; productRef = A16CEBA52ED2193400DAD9D4 /* Loadable */; };
		A18830252EDE27FB0033F911 /* UIComponents in Frameworks */ = {isa = PBXBuildFile; productRef = A18830242EDE27FB0033F911 /* UIComponents */; };
		A19585682EF2904A0087291B /* AppDatabase in Frameworks */ = {isa = PBXBuildFile; productRef = A19585672EF2904A0087291B /* AppDatabase */; };
		A195856A2EF290500087291B /* GaugeService in Frameworks */ = {isa = PBXBuildFile; productRef = A19585692EF290500087291B /* GaugeService */; };
		A1AAF2812E7B63A2004253ED /* SQLiteData in Frameworks */ = {isa = PBXBuildFile; productRef = A1AAF2802E7B63A2004253ED /* SQLiteData */; };
		A1AAF2B52E7B711F004253ED /* GaugeSources in Frameworks */ = {isa = PBXBuildFile; productRef = A1AAF2B42E7B711F004253ED /* GaugeSources */; };
		A1FFC33C2EF5E9A30058BA56 /* AppIcon.icon in Resources */ = {isa = PBXBuildFile; fileRef = A1FFC33B2EF5E9A30058BA56 /* AppIcon.icon */; };
		A1FFC33D2EF5E9A30058BA56 /* AppIcon.icon in Resources */ = {isa = PBXBuildFile; fileRef = A1FFC33B2EF5E9A30058BA56 /* AppIcon.icon */; };
/* End PBXBuildFile section */

/* Begin PBXContainerItemProxy section */
		A1D0A8C52EF28AC700606285 /* PBXContainerItemProxy */ = {
			isa = PBXContainerItemProxy;
			containerPortal = A1FB4A1D2E7B5DCD00A3C7FE /* Project object */;
			proxyType = 1;
			remoteGlobalIDString = A1D0A8B72EF28AC600606285;
			remoteInfo = GaugeWatcherMac;
		};
		A1D0A8CF2EF28AC700606285 /* PBXContainerItemProxy */ = {
			isa = PBXContainerItemProxy;
			containerPortal = A1FB4A1D2E7B5DCD00A3C7FE /* Project object */;
			proxyType = 1;
			remoteGlobalIDString = A1D0A8B72EF28AC600606285;
			remoteInfo = GaugeWatcherMac;
		};
		A1FB4A492E7B61EA00A3C7FE /* PBXContainerItemProxy */ = {
			isa = PBXContainerItemProxy;
			containerPortal = A1FB4A1D2E7B5DCD00A3C7FE /* Project object */;
			proxyType = 1;
			remoteGlobalIDString = A1FB4A242E7B5DCD00A3C7FE;
			remoteInfo = GaugeWatcher;
		};
		A1FB4A582E7B620000A3C7FE /* PBXContainerItemProxy */ = {
			isa = PBXContainerItemProxy;
			containerPortal = A1FB4A1D2E7B5DCD00A3C7FE /* Project object */;
			proxyType = 1;
			remoteGlobalIDString = A1FB4A242E7B5DCD00A3C7FE;
			remoteInfo = GaugeWatcher;
		};
/* End PBXContainerItemProxy section */

/* Begin PBXFileReference section */
		A11A4BB62EF4E0050046FE9A /* MarkdownView */ = {isa = PBXFileReference; lastKnownFileType = wrapper; path = MarkdownView; sourceTree = "<group>"; };
		A1502F8B2EF2986700DCCBA0 /* SharedFeatures */ = {isa = PBXFileReference; lastKnownFileType = wrapper; path = SharedFeatures; sourceTree = "<group>"; };
		A1526C762ED51F410063C7FA /* UIAppearance */ = {isa = PBXFileReference; lastKnownFileType = wrapper; path = UIAppearance; sourceTree = "<group>"; };
		A1526CAA2ED5263D0063C7FA /* AppTelemetry */ = {isa = PBXFileReference; lastKnownFileType = wrapper; path = AppTelemetry; sourceTree = "<group>"; };
		A18830222EDE27540033F911 /* UIComponents */ = {isa = PBXFileReference; lastKnownFileType = wrapper; path = UIComponents; sourceTree = "<group>"; };
		A19585652EF28BDD0087291B /* AppDatabase */ = {isa = PBXFileReference; lastKnownFileType = wrapper; path = AppDatabase; sourceTree = "<group>"; };
		A19585662EF28DEE0087291B /* GaugeService */ = {isa = PBXFileReference; lastKnownFileType = wrapper; path = GaugeService; sourceTree = "<group>"; };
		A1AAF29A2E7B6F72004253ED /* GaugeSources */ = {isa = PBXFileReference; lastKnownFileType = wrapper; path = GaugeSources; sourceTree = "<group>"; };
		A1D0A8B82EF28AC600606285 /* GaugeWatcher.app */ = {isa = PBXFileReference; explicitFileType = wrapper.application; includeInIndex = 0; path = GaugeWatcher.app; sourceTree = BUILT_PRODUCTS_DIR; };
		A1D0A8C42EF28AC700606285 /* GaugeWatcherMacTests.xctest */ = {isa = PBXFileReference; explicitFileType = wrapper.cfbundle; includeInIndex = 0; path = GaugeWatcherMacTests.xctest; sourceTree = BUILT_PRODUCTS_DIR; };
		A1D0A8CE2EF28AC700606285 /* GaugeWatcherMacUITests.xctest */ = {isa = PBXFileReference; explicitFileType = wrapper.cfbundle; includeInIndex = 0; path = GaugeWatcherMacUITests.xctest; sourceTree = BUILT_PRODUCTS_DIR; };
		A1F9E3A12ED4C60C00676AB1 /* GaugeDrivers */ = {isa = PBXFileReference; lastKnownFileType = wrapper; path = GaugeDrivers; sourceTree = "<group>"; };
		A1FB4A252E7B5DCD00A3C7FE /* GaugeWatcher.app */ = {isa = PBXFileReference; explicitFileType = wrapper.application; includeInIndex = 0; path = GaugeWatcher.app; sourceTree = BUILT_PRODUCTS_DIR; };
		A1FB4A452E7B61EA00A3C7FE /* GaugeWatcherTests.xctest */ = {isa = PBXFileReference; explicitFileType = wrapper.cfbundle; includeInIndex = 0; path = GaugeWatcherTests.xctest; sourceTree = BUILT_PRODUCTS_DIR; };
		A1FB4A522E7B620000A3C7FE /* GaugeWatcherUITests.xctest */ = {isa = PBXFileReference; explicitFileType = wrapper.cfbundle; includeInIndex = 0; path = GaugeWatcherUITests.xctest; sourceTree = BUILT_PRODUCTS_DIR; };
		A1FFC33B2EF5E9A30058BA56 /* AppIcon.icon */ = {isa = PBXFileReference; lastKnownFileType = folder.iconcomposer.icon; path = AppIcon.icon; sourceTree = "<group>"; };
/* End PBXFileReference section */

/* Begin PBXFileSystemSynchronizedBuildFileExceptionSet section */
		A1047C9A2EDE288F00AA564E /* Exceptions for "GaugeWatcher" folder in "GaugeWatcher" target */ = {
			isa = PBXFileSystemSynchronizedBuildFileExceptionSet;
			membershipExceptions = (
				Components/README.md,
				Feature/README.md,
				Schema/README.md,
			);
			target = A1FB4A242E7B5DCD00A3C7FE /* GaugeWatcher */;
		};
		A1411C7A2EF5F3EF0038991F /* Exceptions for "GaugeWatcherMac" folder in "GaugeWatcherMac" target */ = {
			isa = PBXFileSystemSynchronizedBuildFileExceptionSet;
			membershipExceptions = (
				Info.plist,
			);
			target = A1D0A8B72EF28AC600606285 /* GaugeWatcherMac */;
		};
/* End PBXFileSystemSynchronizedBuildFileExceptionSet section */

/* Begin PBXFileSystemSynchronizedRootGroup section */
		A1D0A8B92EF28AC600606285 /* GaugeWatcherMac */ = {
			isa = PBXFileSystemSynchronizedRootGroup;
			exceptions = (
				A1411C7A2EF5F3EF0038991F /* Exceptions for "GaugeWatcherMac" folder in "GaugeWatcherMac" target */,
			);
			path = GaugeWatcherMac;
			sourceTree = "<group>";
		};
		A1D0A8C72EF28AC700606285 /* GaugeWatcherMacTests */ = {
			isa = PBXFileSystemSynchronizedRootGroup;
			path = GaugeWatcherMacTests;
			sourceTree = "<group>";
		};
		A1D0A8D12EF28AC700606285 /* GaugeWatcherMacUITests */ = {
			isa = PBXFileSystemSynchronizedRootGroup;
			path = GaugeWatcherMacUITests;
			sourceTree = "<group>";
		};
		A1FB4A272E7B5DCD00A3C7FE /* GaugeWatcher */ = {
			isa = PBXFileSystemSynchronizedRootGroup;
			exceptions = (
				A1047C9A2EDE288F00AA564E /* Exceptions for "GaugeWatcher" folder in "GaugeWatcher" target */,
			);
			path = GaugeWatcher;
			sourceTree = "<group>";
		};
		A1FB4A462E7B61EA00A3C7FE /* GaugeWatcherTests */ = {
			isa = PBXFileSystemSynchronizedRootGroup;
			path = GaugeWatcherTests;
			sourceTree = "<group>";
		};
		A1FB4A532E7B620000A3C7FE /* GaugeWatcherUITests */ = {
			isa = PBXFileSystemSynchronizedRootGroup;
			path = GaugeWatcherUITests;
			sourceTree = "<group>";
		};
/* End PBXFileSystemSynchronizedRootGroup section */

/* Begin PBXFrameworksBuildPhase section */
		A1D0A8B52EF28AC600606285 /* Frameworks */ = {
			isa = PBXFrameworksBuildPhase;
			buildActionMask = 2147483647;
			files = (
				A15030042EF32A7C00DCCBA0 /* GaugeDrivers in Frameworks */,
				A15030022EF32A7C00DCCBA0 /* AppTelemetry in Frameworks */,
				A150300C2EF32A7C00DCCBA0 /* SQLiteData in Frameworks */,
				A15030082EF32A7C00DCCBA0 /* GaugeSources in Frameworks */,
				A15030062EF32A7C00DCCBA0 /* GaugeService in Frameworks */,
				A15030102EF32A7C00DCCBA0 /* Loadable in Frameworks */,
				A1387DDC2EF60C0500E8E735 /* AccessibleUI in Frameworks */,
				A150300A2EF32A7C00DCCBA0 /* SharedFeatures in Frameworks */,
				A150300E2EF32A7C00DCCBA0 /* ComposableArchitecture in Frameworks */,
				A15030002EF32A7C00DCCBA0 /* AppDatabase in Frameworks */,
			);
			runOnlyForDeploymentPostprocessing = 0;
		};
		A1D0A8C12EF28AC700606285 /* Frameworks */ = {
			isa = PBXFrameworksBuildPhase;
			buildActionMask = 2147483647;
			files = (
			);
			runOnlyForDeploymentPostprocessing = 0;
		};
		A1D0A8CB2EF28AC700606285 /* Frameworks */ = {
			isa = PBXFrameworksBuildPhase;
			buildActionMask = 2147483647;
			files = (
			);
			runOnlyForDeploymentPostprocessing = 0;
		};
		A1FB4A222E7B5DCD00A3C7FE /* Frameworks */ = {
			isa = PBXFrameworksBuildPhase;
			buildActionMask = 2147483647;
			files = (
				A1502F8D2EF2988900DCCBA0 /* SharedFeatures in Frameworks */,
				A1526CAD2ED526D30063C7FA /* AppTelemetry in Frameworks */,
				A1526C602ED4EAA00063C7FA /* Algorithms in Frameworks */,
				A1526C722ED51C490063C7FA /* AccessibleUI in Frameworks */,
				A112A01C2EDAAF0100019370 /* FlowForecast in Frameworks */,
				A195856A2EF290500087291B /* GaugeService in Frameworks */,
				A1526C912ED51FCC0063C7FA /* UIAppearance in Frameworks */,
				A19585682EF2904A0087291B /* AppDatabase in Frameworks */,
				A1AAF2812E7B63A2004253ED /* SQLiteData in Frameworks */,
				A16CEB9B2ED2187400DAD9D4 /* ComposableArchitecture in Frameworks */,
				A18830252EDE27FB0033F911 /* UIComponents in Frameworks */,
				A1AAF2B52E7B711F004253ED /* GaugeSources in Frameworks */,
				A16CEBA62ED2193400DAD9D4 /* Loadable in Frameworks */,
				A1526C2A2ED4D4BD0063C7FA /* GaugeDrivers in Frameworks */,
			);
			runOnlyForDeploymentPostprocessing = 0;
		};
		A1FB4A422E7B61EA00A3C7FE /* Frameworks */ = {
			isa = PBXFrameworksBuildPhase;
			buildActionMask = 2147483647;
			files = (
			);
			runOnlyForDeploymentPostprocessing = 0;
		};
		A1FB4A4F2E7B620000A3C7FE /* Frameworks */ = {
			isa = PBXFrameworksBuildPhase;
			buildActionMask = 2147483647;
			files = (
			);
			runOnlyForDeploymentPostprocessing = 0;
		};
/* End PBXFrameworksBuildPhase section */

/* Begin PBXGroup section */
		A18830232EDE27FB0033F911 /* Frameworks */ = {
			isa = PBXGroup;
			children = (
			);
			name = Frameworks;
			sourceTree = "<group>";
		};
		A1FB4A1C2E7B5DCD00A3C7FE = {
			isa = PBXGroup;
			children = (
				A1FFC33B2EF5E9A30058BA56 /* AppIcon.icon */,
				A11A4BB62EF4E0050046FE9A /* MarkdownView */,
				A1502F8B2EF2986700DCCBA0 /* SharedFeatures */,
				A19585662EF28DEE0087291B /* GaugeService */,
				A19585652EF28BDD0087291B /* AppDatabase */,
				A18830222EDE27540033F911 /* UIComponents */,
				A1526CAA2ED5263D0063C7FA /* AppTelemetry */,
				A1526C762ED51F410063C7FA /* UIAppearance */,
				A1F9E3A12ED4C60C00676AB1 /* GaugeDrivers */,
				A1AAF29A2E7B6F72004253ED /* GaugeSources */,
				A1FB4A272E7B5DCD00A3C7FE /* GaugeWatcher */,
				A1FB4A462E7B61EA00A3C7FE /* GaugeWatcherTests */,
				A1FB4A532E7B620000A3C7FE /* GaugeWatcherUITests */,
				A1D0A8B92EF28AC600606285 /* GaugeWatcherMac */,
				A1D0A8C72EF28AC700606285 /* GaugeWatcherMacTests */,
				A1D0A8D12EF28AC700606285 /* GaugeWatcherMacUITests */,
				A18830232EDE27FB0033F911 /* Frameworks */,
				A1FB4A262E7B5DCD00A3C7FE /* Products */,
			);
			sourceTree = "<group>";
		};
		A1FB4A262E7B5DCD00A3C7FE /* Products */ = {
			isa = PBXGroup;
			children = (
				A1FB4A252E7B5DCD00A3C7FE /* GaugeWatcher.app */,
				A1FB4A452E7B61EA00A3C7FE /* GaugeWatcherTests.xctest */,
				A1FB4A522E7B620000A3C7FE /* GaugeWatcherUITests.xctest */,
				A1D0A8B82EF28AC600606285 /* GaugeWatcher.app */,
				A1D0A8C42EF28AC700606285 /* GaugeWatcherMacTests.xctest */,
				A1D0A8CE2EF28AC700606285 /* GaugeWatcherMacUITests.xctest */,
			);
			name = Products;
			sourceTree = "<group>";
		};
/* End PBXGroup section */

/* Begin PBXNativeTarget section */
		A1D0A8B72EF28AC600606285 /* GaugeWatcherMac */ = {
			isa = PBXNativeTarget;
			buildConfigurationList = A1D0A8DC2EF28AC700606285 /* Build configuration list for PBXNativeTarget "GaugeWatcherMac" */;
			buildPhases = (
				A1D0A8B42EF28AC600606285 /* Sources */,
				A1D0A8B52EF28AC600606285 /* Frameworks */,
				A1D0A8B62EF28AC600606285 /* Resources */,
			);
			buildRules = (
			);
			dependencies = (
			);
			fileSystemSynchronizedGroups = (
				A1D0A8B92EF28AC600606285 /* GaugeWatcherMac */,
			);
			name = GaugeWatcherMac;
			packageProductDependencies = (
				A1502FFF2EF32A7C00DCCBA0 /* AppDatabase */,
				A15030012EF32A7C00DCCBA0 /* AppTelemetry */,
				A15030032EF32A7C00DCCBA0 /* GaugeDrivers */,
				A15030052EF32A7C00DCCBA0 /* GaugeService */,
				A15030072EF32A7C00DCCBA0 /* GaugeSources */,
				A15030092EF32A7C00DCCBA0 /* SharedFeatures */,
				A150300B2EF32A7C00DCCBA0 /* SQLiteData */,
				A150300D2EF32A7C00DCCBA0 /* ComposableArchitecture */,
				A150300F2EF32A7C00DCCBA0 /* Loadable */,
				A1387DDB2EF60C0500E8E735 /* AccessibleUI */,
			);
			productName = GaugeWatcherMac;
			productReference = A1D0A8B82EF28AC600606285 /* GaugeWatcher.app */;
			productType = "com.apple.product-type.application";
		};
		A1D0A8C32EF28AC700606285 /* GaugeWatcherMacTests */ = {
			isa = PBXNativeTarget;
			buildConfigurationList = A1D0A8DD2EF28AC700606285 /* Build configuration list for PBXNativeTarget "GaugeWatcherMacTests" */;
			buildPhases = (
				A1D0A8C02EF28AC700606285 /* Sources */,
				A1D0A8C12EF28AC700606285 /* Frameworks */,
				A1D0A8C22EF28AC700606285 /* Resources */,
			);
			buildRules = (
			);
			dependencies = (
				A1D0A8C62EF28AC700606285 /* PBXTargetDependency */,
			);
			fileSystemSynchronizedGroups = (
				A1D0A8C72EF28AC700606285 /* GaugeWatcherMacTests */,
			);
			name = GaugeWatcherMacTests;
			packageProductDependencies = (
			);
			productName = GaugeWatcherMacTests;
			productReference = A1D0A8C42EF28AC700606285 /* GaugeWatcherMacTests.xctest */;
			productType = "com.apple.product-type.bundle.unit-test";
		};
		A1D0A8CD2EF28AC700606285 /* GaugeWatcherMacUITests */ = {
			isa = PBXNativeTarget;
			buildConfigurationList = A1D0A8DE2EF28AC700606285 /* Build configuration list for PBXNativeTarget "GaugeWatcherMacUITests" */;
			buildPhases = (
				A1D0A8CA2EF28AC700606285 /* Sources */,
				A1D0A8CB2EF28AC700606285 /* Frameworks */,
				A1D0A8CC2EF28AC700606285 /* Resources */,
			);
			buildRules = (
			);
			dependencies = (
				A1D0A8D02EF28AC700606285 /* PBXTargetDependency */,
			);
			fileSystemSynchronizedGroups = (
				A1D0A8D12EF28AC700606285 /* GaugeWatcherMacUITests */,
			);
			name = GaugeWatcherMacUITests;
			packageProductDependencies = (
			);
			productName = GaugeWatcherMacUITests;
			productReference = A1D0A8CE2EF28AC700606285 /* GaugeWatcherMacUITests.xctest */;
			productType = "com.apple.product-type.bundle.ui-testing";
		};
		A1FB4A242E7B5DCD00A3C7FE /* GaugeWatcher */ = {
			isa = PBXNativeTarget;
			buildConfigurationList = A1FB4A302E7B5DCE00A3C7FE /* Build configuration list for PBXNativeTarget "GaugeWatcher" */;
			buildPhases = (
				A1FB4A212E7B5DCD00A3C7FE /* Sources */,
				A1FB4A222E7B5DCD00A3C7FE /* Frameworks */,
				A1FB4A232E7B5DCD00A3C7FE /* Resources */,
			);
			buildRules = (
			);
			dependencies = (
			);
			fileSystemSynchronizedGroups = (
				A1FB4A272E7B5DCD00A3C7FE /* GaugeWatcher */,
			);
			name = GaugeWatcher;
			packageProductDependencies = (
				A1AAF2802E7B63A2004253ED /* SQLiteData */,
				A1AAF2B42E7B711F004253ED /* GaugeSources */,
				A16CEB9A2ED2187400DAD9D4 /* ComposableArchitecture */,
				A16CEBA52ED2193400DAD9D4 /* Loadable */,
				A1526C292ED4D4BD0063C7FA /* GaugeDrivers */,
				A1526C5F2ED4EAA00063C7FA /* Algorithms */,
				A1526C712ED51C490063C7FA /* AccessibleUI */,
				A1526C902ED51FCC0063C7FA /* UIAppearance */,
				A1526CAC2ED526D30063C7FA /* AppTelemetry */,
				A112A01B2EDAAF0100019370 /* FlowForecast */,
				A18830242EDE27FB0033F911 /* UIComponents */,
				A19585672EF2904A0087291B /* AppDatabase */,
				A19585692EF290500087291B /* GaugeService */,
				A1502F8C2EF2988900DCCBA0 /* SharedFeatures */,
			);
			productName = GaugeWatcher;
			productReference = A1FB4A252E7B5DCD00A3C7FE /* GaugeWatcher.app */;
			productType = "com.apple.product-type.application";
		};
		A1FB4A442E7B61EA00A3C7FE /* GaugeWatcherTests */ = {
			isa = PBXNativeTarget;
			buildConfigurationList = A1FB4A4B2E7B61EA00A3C7FE /* Build configuration list for PBXNativeTarget "GaugeWatcherTests" */;
			buildPhases = (
				A1FB4A412E7B61EA00A3C7FE /* Sources */,
				A1FB4A422E7B61EA00A3C7FE /* Frameworks */,
				A1FB4A432E7B61EA00A3C7FE /* Resources */,
			);
			buildRules = (
			);
			dependencies = (
				A1FB4A4A2E7B61EA00A3C7FE /* PBXTargetDependency */,
			);
			fileSystemSynchronizedGroups = (
				A1FB4A462E7B61EA00A3C7FE /* GaugeWatcherTests */,
			);
			name = GaugeWatcherTests;
			packageProductDependencies = (
			);
			productName = GaugeWatcherTests;
			productReference = A1FB4A452E7B61EA00A3C7FE /* GaugeWatcherTests.xctest */;
			productType = "com.apple.product-type.bundle.unit-test";
		};
		A1FB4A512E7B620000A3C7FE /* GaugeWatcherUITests */ = {
			isa = PBXNativeTarget;
			buildConfigurationList = A1FB4A5A2E7B620000A3C7FE /* Build configuration list for PBXNativeTarget "GaugeWatcherUITests" */;
			buildPhases = (
				A1FB4A4E2E7B620000A3C7FE /* Sources */,
				A1FB4A4F2E7B620000A3C7FE /* Frameworks */,
				A1FB4A502E7B620000A3C7FE /* Resources */,
			);
			buildRules = (
			);
			dependencies = (
				A1FB4A592E7B620000A3C7FE /* PBXTargetDependency */,
			);
			fileSystemSynchronizedGroups = (
				A1FB4A532E7B620000A3C7FE /* GaugeWatcherUITests */,
			);
			name = GaugeWatcherUITests;
			packageProductDependencies = (
			);
			productName = GaugeWatcherUITests;
			productReference = A1FB4A522E7B620000A3C7FE /* GaugeWatcherUITests.xctest */;
			productType = "com.apple.product-type.bundle.ui-testing";
		};
/* End PBXNativeTarget section */

/* Begin PBXProject section */
		A1FB4A1D2E7B5DCD00A3C7FE /* Project object */ = {
			isa = PBXProject;
			attributes = {
				BuildIndependentTargetsInParallel = 1;
				LastSwiftUpdateCheck = 2610;
				LastUpgradeCheck = 2600;
				TargetAttributes = {
					A1D0A8B72EF28AC600606285 = {
						CreatedOnToolsVersion = 26.1.1;
					};
					A1D0A8C32EF28AC700606285 = {
						CreatedOnToolsVersion = 26.1.1;
						TestTargetID = A1D0A8B72EF28AC600606285;
					};
					A1D0A8CD2EF28AC700606285 = {
						CreatedOnToolsVersion = 26.1.1;
						TestTargetID = A1D0A8B72EF28AC600606285;
					};
					A1FB4A242E7B5DCD00A3C7FE = {
						CreatedOnToolsVersion = 26.0;
					};
					A1FB4A442E7B61EA00A3C7FE = {
						CreatedOnToolsVersion = 26.0;
						TestTargetID = A1FB4A242E7B5DCD00A3C7FE;
					};
					A1FB4A512E7B620000A3C7FE = {
						CreatedOnToolsVersion = 26.0;
						TestTargetID = A1FB4A242E7B5DCD00A3C7FE;
					};
				};
			};
			buildConfigurationList = A1FB4A202E7B5DCD00A3C7FE /* Build configuration list for PBXProject "GaugeWatcher" */;
			developmentRegion = en;
			hasScannedForEncodings = 0;
			knownRegions = (
				en,
				Base,
			);
			mainGroup = A1FB4A1C2E7B5DCD00A3C7FE;
			minimizedProjectReferenceProxies = 1;
			packageReferences = (
				A1AAF27F2E7B63A2004253ED /* XCRemoteSwiftPackageReference "sqlite-data" */,
				A1AAF2B32E7B711F004253ED /* XCLocalSwiftPackageReference "GaugeSources" */,
				A16CEB992ED2187400DAD9D4 /* XCRemoteSwiftPackageReference "swift-composable-architecture" */,
				A16CEBA42ED2193400DAD9D4 /* XCRemoteSwiftPackageReference "swift-loadable" */,
				A1526C282ED4D4BD0063C7FA /* XCLocalSwiftPackageReference "GaugeDrivers" */,
				A1526C5E2ED4EAA00063C7FA /* XCRemoteSwiftPackageReference "swift-algorithms" */,
				A1526C702ED51C490063C7FA /* XCRemoteSwiftPackageReference "accessible-ui" */,
				A1526C8F2ED51FCC0063C7FA /* XCLocalSwiftPackageReference "UIAppearance" */,
				A1526CAB2ED526D30063C7FA /* XCLocalSwiftPackageReference "AppTelemetry" */,
				A112A01A2EDAAF0100019370 /* XCLocalSwiftPackageReference "server/flow-forecast/sdks/FlowForecast" */,
			);
			preferredProjectObjectVersion = 77;
			productRefGroup = A1FB4A262E7B5DCD00A3C7FE /* Products */;
			projectDirPath = "";
			projectRoot = "";
			targets = (
				A1FB4A242E7B5DCD00A3C7FE /* GaugeWatcher */,
				A1FB4A442E7B61EA00A3C7FE /* GaugeWatcherTests */,
				A1FB4A512E7B620000A3C7FE /* GaugeWatcherUITests */,
				A1D0A8B72EF28AC600606285 /* GaugeWatcherMac */,
				A1D0A8C32EF28AC700606285 /* GaugeWatcherMacTests */,
				A1D0A8CD2EF28AC700606285 /* GaugeWatcherMacUITests */,
			);
		};
/* End PBXProject section */

/* Begin PBXResourcesBuildPhase section */
		A1D0A8B62EF28AC600606285 /* Resources */ = {
			isa = PBXResourcesBuildPhase;
			buildActionMask = 2147483647;
			files = (
				A1FFC33C2EF5E9A30058BA56 /* AppIcon.icon in Resources */,
			);
			runOnlyForDeploymentPostprocessing = 0;
		};
		A1D0A8C22EF28AC700606285 /* Resources */ = {
			isa = PBXResourcesBuildPhase;
			buildActionMask = 2147483647;
			files = (
			);
			runOnlyForDeploymentPostprocessing = 0;
		};
		A1D0A8CC2EF28AC700606285 /* Resources */ = {
			isa = PBXResourcesBuildPhase;
			buildActionMask = 2147483647;
			files = (
			);
			runOnlyForDeploymentPostprocessing = 0;
		};
		A1FB4A232E7B5DCD00A3C7FE /* Resources */ = {
			isa = PBXResourcesBuildPhase;
			buildActionMask = 2147483647;
			files = (
				A1FFC33D2EF5E9A30058BA56 /* AppIcon.icon in Resources */,
			);
			runOnlyForDeploymentPostprocessing = 0;
		};
		A1FB4A432E7B61EA00A3C7FE /* Resources */ = {
			isa = PBXResourcesBuildPhase;
			buildActionMask = 2147483647;
			files = (
			);
			runOnlyForDeploymentPostprocessing = 0;
		};
		A1FB4A502E7B620000A3C7FE /* Resources */ = {
			isa = PBXResourcesBuildPhase;
			buildActionMask = 2147483647;
			files = (
			);
			runOnlyForDeploymentPostprocessing = 0;
		};
/* End PBXResourcesBuildPhase section */

/* Begin PBXSourcesBuildPhase section */
		A1D0A8B42EF28AC600606285 /* Sources */ = {
			isa = PBXSourcesBuildPhase;
			buildActionMask = 2147483647;
			files = (
			);
			runOnlyForDeploymentPostprocessing = 0;
		};
		A1D0A8C02EF28AC700606285 /* Sources */ = {
			isa = PBXSourcesBuildPhase;
			buildActionMask = 2147483647;
			files = (
			);
			runOnlyForDeploymentPostprocessing = 0;
		};
		A1D0A8CA2EF28AC700606285 /* Sources */ = {
			isa = PBXSourcesBuildPhase;
			buildActionMask = 2147483647;
			files = (
			);
			runOnlyForDeploymentPostprocessing = 0;
		};
		A1FB4A212E7B5DCD00A3C7FE /* Sources */ = {
			isa = PBXSourcesBuildPhase;
			buildActionMask = 2147483647;
			files = (
			);
			runOnlyForDeploymentPostprocessing = 0;
		};
		A1FB4A412E7B61EA00A3C7FE /* Sources */ = {
			isa = PBXSourcesBuildPhase;
			buildActionMask = 2147483647;
			files = (
			);
			runOnlyForDeploymentPostprocessing = 0;
		};
		A1FB4A4E2E7B620000A3C7FE /* Sources */ = {
			isa = PBXSourcesBuildPhase;
			buildActionMask = 2147483647;
			files = (
			);
			runOnlyForDeploymentPostprocessing = 0;
		};
/* End PBXSourcesBuildPhase section */

/* Begin PBXTargetDependency section */
		A1D0A8C62EF28AC700606285 /* PBXTargetDependency */ = {
			isa = PBXTargetDependency;
			target = A1D0A8B72EF28AC600606285 /* GaugeWatcherMac */;
			targetProxy = A1D0A8C52EF28AC700606285 /* PBXContainerItemProxy */;
		};
		A1D0A8D02EF28AC700606285 /* PBXTargetDependency */ = {
			isa = PBXTargetDependency;
			target = A1D0A8B72EF28AC600606285 /* GaugeWatcherMac */;
			targetProxy = A1D0A8CF2EF28AC700606285 /* PBXContainerItemProxy */;
		};
		A1FB4A4A2E7B61EA00A3C7FE /* PBXTargetDependency */ = {
			isa = PBXTargetDependency;
			target = A1FB4A242E7B5DCD00A3C7FE /* GaugeWatcher */;
			targetProxy = A1FB4A492E7B61EA00A3C7FE /* PBXContainerItemProxy */;
		};
		A1FB4A592E7B620000A3C7FE /* PBXTargetDependency */ = {
			isa = PBXTargetDependency;
			target = A1FB4A242E7B5DCD00A3C7FE /* GaugeWatcher */;
			targetProxy = A1FB4A582E7B620000A3C7FE /* PBXContainerItemProxy */;
		};
/* End PBXTargetDependency section */

/* Begin XCBuildConfiguration section */
		A1D0A8D62EF28AC700606285 /* Debug */ = {
			isa = XCBuildConfiguration;
			buildSettings = {
				ASSETCATALOG_COMPILER_APPICON_NAME = AppIcon;
				ASSETCATALOG_COMPILER_GLOBAL_ACCENT_COLOR_NAME = AccentColor;
				CODE_SIGN_STYLE = Automatic;
				COMBINE_HIDPI_IMAGES = YES;
				CURRENT_PROJECT_VERSION = 1;
				DEVELOPMENT_TEAM = 2BTKYF3W9D;
				ENABLE_APP_SANDBOX = YES;
				ENABLE_HARDENED_RUNTIME = YES;
				ENABLE_INCOMING_NETWORK_CONNECTIONS = NO;
				ENABLE_OUTGOING_NETWORK_CONNECTIONS = YES;
				ENABLE_PREVIEWS = YES;
				ENABLE_RESOURCE_ACCESS_AUDIO_INPUT = NO;
				ENABLE_RESOURCE_ACCESS_BLUETOOTH = NO;
				ENABLE_RESOURCE_ACCESS_CALENDARS = NO;
				ENABLE_RESOURCE_ACCESS_CAMERA = NO;
				ENABLE_RESOURCE_ACCESS_CONTACTS = NO;
				ENABLE_RESOURCE_ACCESS_LOCATION = YES;
				ENABLE_RESOURCE_ACCESS_PRINTING = NO;
				ENABLE_RESOURCE_ACCESS_USB = NO;
				ENABLE_USER_SELECTED_FILES = readonly;
				GENERATE_INFOPLIST_FILE = YES;
				INFOPLIST_FILE = GaugeWatcherMac/Info.plist;
				INFOPLIST_KEY_CFBundleDisplayName = GaugeWatcher;
				INFOPLIST_KEY_CFBundleName = GaugeWatcher;
				INFOPLIST_KEY_ITSAppUsesNonExemptEncryption = NO;
				INFOPLIST_KEY_LSApplicationCategoryType = "public.app-category.weather";
				INFOPLIST_KEY_NSHumanReadableCopyright = "Copyright © 2025 Andrew Althage. All rights reserved.";
				INFOPLIST_KEY_NSLocationUsageDescription = "This app uses your location to help find nearby gauges";
				LD_RUNPATH_SEARCH_PATHS = (
					"$(inherited)",
					"@executable_path/../Frameworks",
				);
				MACOSX_DEPLOYMENT_TARGET = 26.1;
				MARKETING_VERSION = 1.0;
				PRODUCT_BUNDLE_IDENTIFIER = com.drewalth.GaugeWatcherMac;
				PRODUCT_NAME = GaugeWatcher;
				REGISTER_APP_GROUPS = YES;
				SDKROOT = macosx;
				STRING_CATALOG_GENERATE_SYMBOLS = YES;
				SWIFT_APPROACHABLE_CONCURRENCY = YES;
				SWIFT_DEFAULT_ACTOR_ISOLATION = MainActor;
				SWIFT_EMIT_LOC_STRINGS = YES;
				SWIFT_UPCOMING_FEATURE_MEMBER_IMPORT_VISIBILITY = YES;
				SWIFT_VERSION = 5.0;
			};
			name = Debug;
		};
		A1D0A8D72EF28AC700606285 /* Release */ = {
			isa = XCBuildConfiguration;
			buildSettings = {
				ASSETCATALOG_COMPILER_APPICON_NAME = AppIcon;
				ASSETCATALOG_COMPILER_GLOBAL_ACCENT_COLOR_NAME = AccentColor;
				CODE_SIGN_STYLE = Automatic;
				COMBINE_HIDPI_IMAGES = YES;
				CURRENT_PROJECT_VERSION = 1;
				DEVELOPMENT_TEAM = 2BTKYF3W9D;
				ENABLE_APP_SANDBOX = YES;
				ENABLE_HARDENED_RUNTIME = YES;
				ENABLE_INCOMING_NETWORK_CONNECTIONS = NO;
				ENABLE_OUTGOING_NETWORK_CONNECTIONS = YES;
				ENABLE_PREVIEWS = YES;
				ENABLE_RESOURCE_ACCESS_AUDIO_INPUT = NO;
				ENABLE_RESOURCE_ACCESS_BLUETOOTH = NO;
				ENABLE_RESOURCE_ACCESS_CALENDARS = NO;
				ENABLE_RESOURCE_ACCESS_CAMERA = NO;
				ENABLE_RESOURCE_ACCESS_CONTACTS = NO;
				ENABLE_RESOURCE_ACCESS_LOCATION = YES;
				ENABLE_RESOURCE_ACCESS_PRINTING = NO;
				ENABLE_RESOURCE_ACCESS_USB = NO;
				ENABLE_USER_SELECTED_FILES = readonly;
				GENERATE_INFOPLIST_FILE = YES;
				INFOPLIST_FILE = GaugeWatcherMac/Info.plist;
				INFOPLIST_KEY_CFBundleDisplayName = GaugeWatcher;
				INFOPLIST_KEY_CFBundleName = GaugeWatcher;
				INFOPLIST_KEY_ITSAppUsesNonExemptEncryption = NO;
				INFOPLIST_KEY_LSApplicationCategoryType = "public.app-category.weather";
				INFOPLIST_KEY_NSHumanReadableCopyright = "Copyright © 2025 Andrew Althage. All rights reserved.";
				INFOPLIST_KEY_NSLocationUsageDescription = "This app uses your location to help find nearby gauges";
				LD_RUNPATH_SEARCH_PATHS = (
					"$(inherited)",
					"@executable_path/../Frameworks",
				);
				MACOSX_DEPLOYMENT_TARGET = 26.1;
				MARKETING_VERSION = 1.0;
				PRODUCT_BUNDLE_IDENTIFIER = com.drewalth.GaugeWatcherMac;
				PRODUCT_NAME = GaugeWatcher;
				REGISTER_APP_GROUPS = YES;
				SDKROOT = macosx;
				STRING_CATALOG_GENERATE_SYMBOLS = YES;
				SWIFT_APPROACHABLE_CONCURRENCY = YES;
				SWIFT_DEFAULT_ACTOR_ISOLATION = MainActor;
				SWIFT_EMIT_LOC_STRINGS = YES;
				SWIFT_UPCOMING_FEATURE_MEMBER_IMPORT_VISIBILITY = YES;
				SWIFT_VERSION = 5.0;
			};
			name = Release;
		};
		A1D0A8D82EF28AC700606285 /* Debug */ = {
			isa = XCBuildConfiguration;
			buildSettings = {
				BUNDLE_LOADER = "$(TEST_HOST)";
				CODE_SIGN_STYLE = Automatic;
				CURRENT_PROJECT_VERSION = 1;
				DEVELOPMENT_TEAM = 2BTKYF3W9D;
				GENERATE_INFOPLIST_FILE = YES;
				MACOSX_DEPLOYMENT_TARGET = 26.1;
				MARKETING_VERSION = 1.0;
				PRODUCT_BUNDLE_IDENTIFIER = com.drewalth.GaugeWatcherMacTests;
				PRODUCT_NAME = "$(TARGET_NAME)";
				SDKROOT = macosx;
				STRING_CATALOG_GENERATE_SYMBOLS = NO;
				SWIFT_APPROACHABLE_CONCURRENCY = YES;
				SWIFT_EMIT_LOC_STRINGS = NO;
				SWIFT_UPCOMING_FEATURE_MEMBER_IMPORT_VISIBILITY = YES;
				SWIFT_VERSION = 5.0;
				TEST_HOST = "$(BUILT_PRODUCTS_DIR)/GaugeWatcher.app/$(BUNDLE_EXECUTABLE_FOLDER_PATH)/GaugeWatcher";
			};
			name = Debug;
		};
		A1D0A8D92EF28AC700606285 /* Release */ = {
			isa = XCBuildConfiguration;
			buildSettings = {
				BUNDLE_LOADER = "$(TEST_HOST)";
				CODE_SIGN_STYLE = Automatic;
				CURRENT_PROJECT_VERSION = 1;
				DEVELOPMENT_TEAM = 2BTKYF3W9D;
				GENERATE_INFOPLIST_FILE = YES;
				MACOSX_DEPLOYMENT_TARGET = 26.1;
				MARKETING_VERSION = 1.0;
				PRODUCT_BUNDLE_IDENTIFIER = com.drewalth.GaugeWatcherMacTests;
				PRODUCT_NAME = "$(TARGET_NAME)";
				SDKROOT = macosx;
				STRING_CATALOG_GENERATE_SYMBOLS = NO;
				SWIFT_APPROACHABLE_CONCURRENCY = YES;
				SWIFT_EMIT_LOC_STRINGS = NO;
				SWIFT_UPCOMING_FEATURE_MEMBER_IMPORT_VISIBILITY = YES;
				SWIFT_VERSION = 5.0;
				TEST_HOST = "$(BUILT_PRODUCTS_DIR)/GaugeWatcher.app/$(BUNDLE_EXECUTABLE_FOLDER_PATH)/GaugeWatcher";
			};
			name = Release;
		};
		A1D0A8DA2EF28AC700606285 /* Debug */ = {
			isa = XCBuildConfiguration;
			buildSettings = {
				CODE_SIGN_STYLE = Automatic;
				CURRENT_PROJECT_VERSION = 1;
				DEVELOPMENT_TEAM = 2BTKYF3W9D;
				GENERATE_INFOPLIST_FILE = YES;
				MACOSX_DEPLOYMENT_TARGET = 26.1;
				MARKETING_VERSION = 1.0;
				PRODUCT_BUNDLE_IDENTIFIER = com.drewalth.GaugeWatcherMacUITests;
				PRODUCT_NAME = "$(TARGET_NAME)";
				SDKROOT = macosx;
				STRING_CATALOG_GENERATE_SYMBOLS = NO;
				SWIFT_APPROACHABLE_CONCURRENCY = YES;
				SWIFT_EMIT_LOC_STRINGS = NO;
				SWIFT_UPCOMING_FEATURE_MEMBER_IMPORT_VISIBILITY = YES;
				SWIFT_VERSION = 5.0;
				TEST_TARGET_NAME = GaugeWatcherMac;
			};
			name = Debug;
		};
		A1D0A8DB2EF28AC700606285 /* Release */ = {
			isa = XCBuildConfiguration;
			buildSettings = {
				CODE_SIGN_STYLE = Automatic;
				CURRENT_PROJECT_VERSION = 1;
				DEVELOPMENT_TEAM = 2BTKYF3W9D;
				GENERATE_INFOPLIST_FILE = YES;
				MACOSX_DEPLOYMENT_TARGET = 26.1;
				MARKETING_VERSION = 1.0;
				PRODUCT_BUNDLE_IDENTIFIER = com.drewalth.GaugeWatcherMacUITests;
				PRODUCT_NAME = "$(TARGET_NAME)";
				SDKROOT = macosx;
				STRING_CATALOG_GENERATE_SYMBOLS = NO;
				SWIFT_APPROACHABLE_CONCURRENCY = YES;
				SWIFT_EMIT_LOC_STRINGS = NO;
				SWIFT_UPCOMING_FEATURE_MEMBER_IMPORT_VISIBILITY = YES;
				SWIFT_VERSION = 5.0;
				TEST_TARGET_NAME = GaugeWatcherMac;
			};
			name = Release;
		};
		A1FB4A2E2E7B5DCE00A3C7FE /* Debug */ = {
			isa = XCBuildConfiguration;
			buildSettings = {
				ALWAYS_SEARCH_USER_PATHS = NO;
				ASSETCATALOG_COMPILER_GENERATE_SWIFT_ASSET_SYMBOL_EXTENSIONS = YES;
				CLANG_ANALYZER_NONNULL = YES;
				CLANG_ANALYZER_NUMBER_OBJECT_CONVERSION = YES_AGGRESSIVE;
				CLANG_CXX_LANGUAGE_STANDARD = "gnu++20";
				CLANG_ENABLE_MODULES = YES;
				CLANG_ENABLE_OBJC_ARC = YES;
				CLANG_ENABLE_OBJC_WEAK = YES;
				CLANG_WARN_BLOCK_CAPTURE_AUTORELEASING = YES;
				CLANG_WARN_BOOL_CONVERSION = YES;
				CLANG_WARN_COMMA = YES;
				CLANG_WARN_CONSTANT_CONVERSION = YES;
				CLANG_WARN_DEPRECATED_OBJC_IMPLEMENTATIONS = YES;
				CLANG_WARN_DIRECT_OBJC_ISA_USAGE = YES_ERROR;
				CLANG_WARN_DOCUMENTATION_COMMENTS = YES;
				CLANG_WARN_EMPTY_BODY = YES;
				CLANG_WARN_ENUM_CONVERSION = YES;
				CLANG_WARN_INFINITE_RECURSION = YES;
				CLANG_WARN_INT_CONVERSION = YES;
				CLANG_WARN_NON_LITERAL_NULL_CONVERSION = YES;
				CLANG_WARN_OBJC_IMPLICIT_RETAIN_SELF = YES;
				CLANG_WARN_OBJC_LITERAL_CONVERSION = YES;
				CLANG_WARN_OBJC_ROOT_CLASS = YES_ERROR;
				CLANG_WARN_QUOTED_INCLUDE_IN_FRAMEWORK_HEADER = YES;
				CLANG_WARN_RANGE_LOOP_ANALYSIS = YES;
				CLANG_WARN_STRICT_PROTOTYPES = YES;
				CLANG_WARN_SUSPICIOUS_MOVE = YES;
				CLANG_WARN_UNGUARDED_AVAILABILITY = YES_AGGRESSIVE;
				CLANG_WARN_UNREACHABLE_CODE = YES;
				CLANG_WARN__DUPLICATE_METHOD_MATCH = YES;
				COPY_PHASE_STRIP = NO;
				DEBUG_INFORMATION_FORMAT = dwarf;
				ENABLE_STRICT_OBJC_MSGSEND = YES;
				ENABLE_TESTABILITY = YES;
				ENABLE_USER_SCRIPT_SANDBOXING = YES;
				GCC_C_LANGUAGE_STANDARD = gnu17;
				GCC_DYNAMIC_NO_PIC = NO;
				GCC_NO_COMMON_BLOCKS = YES;
				GCC_OPTIMIZATION_LEVEL = 0;
				GCC_PREPROCESSOR_DEFINITIONS = (
					"DEBUG=1",
					"$(inherited)",
				);
				GCC_WARN_64_TO_32_BIT_CONVERSION = YES;
				GCC_WARN_ABOUT_RETURN_TYPE = YES_ERROR;
				GCC_WARN_UNDECLARED_SELECTOR = YES;
				GCC_WARN_UNINITIALIZED_AUTOS = YES_AGGRESSIVE;
				GCC_WARN_UNUSED_FUNCTION = YES;
				GCC_WARN_UNUSED_VARIABLE = YES;
				IPHONEOS_DEPLOYMENT_TARGET = 26.0;
				LOCALIZATION_PREFERS_STRING_CATALOGS = YES;
				MTL_ENABLE_DEBUG_INFO = INCLUDE_SOURCE;
				MTL_FAST_MATH = YES;
				ONLY_ACTIVE_ARCH = YES;
				SDKROOT = iphoneos;
				SWIFT_ACTIVE_COMPILATION_CONDITIONS = "DEBUG $(inherited)";
				SWIFT_OPTIMIZATION_LEVEL = "-Onone";
			};
			name = Debug;
		};
		A1FB4A2F2E7B5DCE00A3C7FE /* Release */ = {
			isa = XCBuildConfiguration;
			buildSettings = {
				ALWAYS_SEARCH_USER_PATHS = NO;
				ASSETCATALOG_COMPILER_GENERATE_SWIFT_ASSET_SYMBOL_EXTENSIONS = YES;
				CLANG_ANALYZER_NONNULL = YES;
				CLANG_ANALYZER_NUMBER_OBJECT_CONVERSION = YES_AGGRESSIVE;
				CLANG_CXX_LANGUAGE_STANDARD = "gnu++20";
				CLANG_ENABLE_MODULES = YES;
				CLANG_ENABLE_OBJC_ARC = YES;
				CLANG_ENABLE_OBJC_WEAK = YES;
				CLANG_WARN_BLOCK_CAPTURE_AUTORELEASING = YES;
				CLANG_WARN_BOOL_CONVERSION = YES;
				CLANG_WARN_COMMA = YES;
				CLANG_WARN_CONSTANT_CONVERSION = YES;
				CLANG_WARN_DEPRECATED_OBJC_IMPLEMENTATIONS = YES;
				CLANG_WARN_DIRECT_OBJC_ISA_USAGE = YES_ERROR;
				CLANG_WARN_DOCUMENTATION_COMMENTS = YES;
				CLANG_WARN_EMPTY_BODY = YES;
				CLANG_WARN_ENUM_CONVERSION = YES;
				CLANG_WARN_INFINITE_RECURSION = YES;
				CLANG_WARN_INT_CONVERSION = YES;
				CLANG_WARN_NON_LITERAL_NULL_CONVERSION = YES;
				CLANG_WARN_OBJC_IMPLICIT_RETAIN_SELF = YES;
				CLANG_WARN_OBJC_LITERAL_CONVERSION = YES;
				CLANG_WARN_OBJC_ROOT_CLASS = YES_ERROR;
				CLANG_WARN_QUOTED_INCLUDE_IN_FRAMEWORK_HEADER = YES;
				CLANG_WARN_RANGE_LOOP_ANALYSIS = YES;
				CLANG_WARN_STRICT_PROTOTYPES = YES;
				CLANG_WARN_SUSPICIOUS_MOVE = YES;
				CLANG_WARN_UNGUARDED_AVAILABILITY = YES_AGGRESSIVE;
				CLANG_WARN_UNREACHABLE_CODE = YES;
				CLANG_WARN__DUPLICATE_METHOD_MATCH = YES;
				COPY_PHASE_STRIP = NO;
				DEBUG_INFORMATION_FORMAT = "dwarf-with-dsym";
				ENABLE_NS_ASSERTIONS = NO;
				ENABLE_STRICT_OBJC_MSGSEND = YES;
				ENABLE_USER_SCRIPT_SANDBOXING = YES;
				GCC_C_LANGUAGE_STANDARD = gnu17;
				GCC_NO_COMMON_BLOCKS = YES;
				GCC_WARN_64_TO_32_BIT_CONVERSION = YES;
				GCC_WARN_ABOUT_RETURN_TYPE = YES_ERROR;
				GCC_WARN_UNDECLARED_SELECTOR = YES;
				GCC_WARN_UNINITIALIZED_AUTOS = YES_AGGRESSIVE;
				GCC_WARN_UNUSED_FUNCTION = YES;
				GCC_WARN_UNUSED_VARIABLE = YES;
				IPHONEOS_DEPLOYMENT_TARGET = 26.0;
				LOCALIZATION_PREFERS_STRING_CATALOGS = YES;
				MTL_ENABLE_DEBUG_INFO = NO;
				MTL_FAST_MATH = YES;
				SDKROOT = iphoneos;
				SWIFT_COMPILATION_MODE = wholemodule;
				VALIDATE_PRODUCT = YES;
			};
			name = Release;
		};
		A1FB4A312E7B5DCE00A3C7FE /* Debug */ = {
			isa = XCBuildConfiguration;
			buildSettings = {
				ASSETCATALOG_COMPILER_APPICON_NAME = AppIcon;
				ASSETCATALOG_COMPILER_GLOBAL_ACCENT_COLOR_NAME = AccentColor;
				CODE_SIGN_STYLE = Automatic;
				CURRENT_PROJECT_VERSION = 1;
				DEVELOPMENT_ASSET_PATHS = "GaugeWatcher/Preview\\ Assets.xcassets";
				DEVELOPMENT_TEAM = "";
				ENABLE_PREVIEWS = YES;
				ENABLE_USER_SCRIPT_SANDBOXING = NO;
				GENERATE_INFOPLIST_FILE = YES;
				INFOPLIST_KEY_NSLocationWhenInUseUsageDescription = "This app users your location to get gauges near you";
				INFOPLIST_KEY_UIApplicationSceneManifest_Generation = YES;
				INFOPLIST_KEY_UIApplicationSupportsIndirectInputEvents = YES;
				INFOPLIST_KEY_UILaunchScreen_Generation = YES;
				INFOPLIST_KEY_UISupportedInterfaceOrientations_iPad = "UIInterfaceOrientationPortrait UIInterfaceOrientationPortraitUpsideDown UIInterfaceOrientationLandscapeLeft UIInterfaceOrientationLandscapeRight";
				INFOPLIST_KEY_UISupportedInterfaceOrientations_iPhone = "UIInterfaceOrientationPortrait UIInterfaceOrientationLandscapeLeft UIInterfaceOrientationLandscapeRight";
				LD_RUNPATH_SEARCH_PATHS = (
					"$(inherited)",
					"@executable_path/Frameworks",
				);
				MARKETING_VERSION = 4.0.0;
				PRODUCT_BUNDLE_IDENTIFIER = com.drewalth.GageWatcher;
				PRODUCT_NAME = "$(TARGET_NAME)";
				STRING_CATALOG_GENERATE_SYMBOLS = YES;
				SUPPORTED_PLATFORMS = "iphoneos iphonesimulator";
				SUPPORTS_MACCATALYST = NO;
				SUPPORTS_XR_DESIGNED_FOR_IPHONE_IPAD = NO;
				SWIFT_APPROACHABLE_CONCURRENCY = YES;
				SWIFT_DEFAULT_ACTOR_ISOLATION = MainActor;
				SWIFT_EMIT_LOC_STRINGS = YES;
				SWIFT_UPCOMING_FEATURE_MEMBER_IMPORT_VISIBILITY = YES;
				SWIFT_VERSION = 5.0;
				TARGETED_DEVICE_FAMILY = "1,2";
			};
			name = Debug;
		};
		A1FB4A322E7B5DCE00A3C7FE /* Release */ = {
			isa = XCBuildConfiguration;
			buildSettings = {
				ASSETCATALOG_COMPILER_APPICON_NAME = AppIcon;
				ASSETCATALOG_COMPILER_GLOBAL_ACCENT_COLOR_NAME = AccentColor;
				CODE_SIGN_STYLE = Automatic;
				CURRENT_PROJECT_VERSION = 1;
				DEVELOPMENT_ASSET_PATHS = "GaugeWatcher/Preview\\ Assets.xcassets";
				DEVELOPMENT_TEAM = "";
				ENABLE_PREVIEWS = YES;
				ENABLE_USER_SCRIPT_SANDBOXING = NO;
				GENERATE_INFOPLIST_FILE = YES;
				INFOPLIST_KEY_NSLocationWhenInUseUsageDescription = "This app users your location to get gauges near you";
				INFOPLIST_KEY_UIApplicationSceneManifest_Generation = YES;
				INFOPLIST_KEY_UIApplicationSupportsIndirectInputEvents = YES;
				INFOPLIST_KEY_UILaunchScreen_Generation = YES;
				INFOPLIST_KEY_UISupportedInterfaceOrientations_iPad = "UIInterfaceOrientationPortrait UIInterfaceOrientationPortraitUpsideDown UIInterfaceOrientationLandscapeLeft UIInterfaceOrientationLandscapeRight";
				INFOPLIST_KEY_UISupportedInterfaceOrientations_iPhone = "UIInterfaceOrientationPortrait UIInterfaceOrientationLandscapeLeft UIInterfaceOrientationLandscapeRight";
				LD_RUNPATH_SEARCH_PATHS = (
					"$(inherited)",
					"@executable_path/Frameworks",
				);
				MARKETING_VERSION = 4.0.0;
				PRODUCT_BUNDLE_IDENTIFIER = com.drewalth.GageWatcher;
				PRODUCT_NAME = "$(TARGET_NAME)";
				STRING_CATALOG_GENERATE_SYMBOLS = YES;
				SUPPORTED_PLATFORMS = "iphoneos iphonesimulator";
				SUPPORTS_MACCATALYST = NO;
				SUPPORTS_XR_DESIGNED_FOR_IPHONE_IPAD = NO;
				SWIFT_APPROACHABLE_CONCURRENCY = YES;
				SWIFT_DEFAULT_ACTOR_ISOLATION = MainActor;
				SWIFT_EMIT_LOC_STRINGS = YES;
				SWIFT_UPCOMING_FEATURE_MEMBER_IMPORT_VISIBILITY = YES;
				SWIFT_VERSION = 5.0;
				TARGETED_DEVICE_FAMILY = "1,2";
			};
			name = Release;
		};
		A1FB4A4C2E7B61EA00A3C7FE /* Debug */ = {
			isa = XCBuildConfiguration;
			buildSettings = {
				BUNDLE_LOADER = "$(TEST_HOST)";
				CODE_SIGN_STYLE = Automatic;
				CURRENT_PROJECT_VERSION = 1;
				GENERATE_INFOPLIST_FILE = YES;
				MARKETING_VERSION = 1.0;
				PRODUCT_BUNDLE_IDENTIFIER = com.drewalth.GaugeWatcherTests;
				PRODUCT_NAME = "$(TARGET_NAME)";
				STRING_CATALOG_GENERATE_SYMBOLS = NO;
				SWIFT_APPROACHABLE_CONCURRENCY = YES;
				SWIFT_EMIT_LOC_STRINGS = NO;
				SWIFT_UPCOMING_FEATURE_MEMBER_IMPORT_VISIBILITY = YES;
				SWIFT_VERSION = 5.0;
				TARGETED_DEVICE_FAMILY = "1,2";
				TEST_HOST = "$(BUILT_PRODUCTS_DIR)/GaugeWatcher.app/$(BUNDLE_EXECUTABLE_FOLDER_PATH)/GaugeWatcher";
			};
			name = Debug;
		};
		A1FB4A4D2E7B61EA00A3C7FE /* Release */ = {
			isa = XCBuildConfiguration;
			buildSettings = {
				BUNDLE_LOADER = "$(TEST_HOST)";
				CODE_SIGN_STYLE = Automatic;
				CURRENT_PROJECT_VERSION = 1;
				GENERATE_INFOPLIST_FILE = YES;
				MARKETING_VERSION = 1.0;
				PRODUCT_BUNDLE_IDENTIFIER = com.drewalth.GaugeWatcherTests;
				PRODUCT_NAME = "$(TARGET_NAME)";
				STRING_CATALOG_GENERATE_SYMBOLS = NO;
				SWIFT_APPROACHABLE_CONCURRENCY = YES;
				SWIFT_EMIT_LOC_STRINGS = NO;
				SWIFT_UPCOMING_FEATURE_MEMBER_IMPORT_VISIBILITY = YES;
				SWIFT_VERSION = 5.0;
				TARGETED_DEVICE_FAMILY = "1,2";
				TEST_HOST = "$(BUILT_PRODUCTS_DIR)/GaugeWatcher.app/$(BUNDLE_EXECUTABLE_FOLDER_PATH)/GaugeWatcher";
			};
			name = Release;
		};
		A1FB4A5B2E7B620000A3C7FE /* Debug */ = {
			isa = XCBuildConfiguration;
			buildSettings = {
				CODE_SIGN_STYLE = Automatic;
				CURRENT_PROJECT_VERSION = 1;
				GENERATE_INFOPLIST_FILE = YES;
				MARKETING_VERSION = 1.0;
				PRODUCT_BUNDLE_IDENTIFIER = com.drewalth.GaugeWatcherUITests;
				PRODUCT_NAME = "$(TARGET_NAME)";
				STRING_CATALOG_GENERATE_SYMBOLS = NO;
				SWIFT_APPROACHABLE_CONCURRENCY = YES;
				SWIFT_EMIT_LOC_STRINGS = NO;
				SWIFT_UPCOMING_FEATURE_MEMBER_IMPORT_VISIBILITY = YES;
				SWIFT_VERSION = 5.0;
				TARGETED_DEVICE_FAMILY = "1,2";
				TEST_TARGET_NAME = GaugeWatcher;
			};
			name = Debug;
		};
		A1FB4A5C2E7B620000A3C7FE /* Release */ = {
			isa = XCBuildConfiguration;
			buildSettings = {
				CODE_SIGN_STYLE = Automatic;
				CURRENT_PROJECT_VERSION = 1;
				GENERATE_INFOPLIST_FILE = YES;
				MARKETING_VERSION = 1.0;
				PRODUCT_BUNDLE_IDENTIFIER = com.drewalth.GaugeWatcherUITests;
				PRODUCT_NAME = "$(TARGET_NAME)";
				STRING_CATALOG_GENERATE_SYMBOLS = NO;
				SWIFT_APPROACHABLE_CONCURRENCY = YES;
				SWIFT_EMIT_LOC_STRINGS = NO;
				SWIFT_UPCOMING_FEATURE_MEMBER_IMPORT_VISIBILITY = YES;
				SWIFT_VERSION = 5.0;
				TARGETED_DEVICE_FAMILY = "1,2";
				TEST_TARGET_NAME = GaugeWatcher;
			};
			name = Release;
		};
/* End XCBuildConfiguration section */

/* Begin XCConfigurationList section */
		A1D0A8DC2EF28AC700606285 /* Build configuration list for PBXNativeTarget "GaugeWatcherMac" */ = {
			isa = XCConfigurationList;
			buildConfigurations = (
				A1D0A8D62EF28AC700606285 /* Debug */,
				A1D0A8D72EF28AC700606285 /* Release */,
			);
			defaultConfigurationIsVisible = 0;
			defaultConfigurationName = Release;
		};
		A1D0A8DD2EF28AC700606285 /* Build configuration list for PBXNativeTarget "GaugeWatcherMacTests" */ = {
			isa = XCConfigurationList;
			buildConfigurations = (
				A1D0A8D82EF28AC700606285 /* Debug */,
				A1D0A8D92EF28AC700606285 /* Release */,
			);
			defaultConfigurationIsVisible = 0;
			defaultConfigurationName = Release;
		};
		A1D0A8DE2EF28AC700606285 /* Build configuration list for PBXNativeTarget "GaugeWatcherMacUITests" */ = {
			isa = XCConfigurationList;
			buildConfigurations = (
				A1D0A8DA2EF28AC700606285 /* Debug */,
				A1D0A8DB2EF28AC700606285 /* Release */,
			);
			defaultConfigurationIsVisible = 0;
			defaultConfigurationName = Release;
		};
		A1FB4A202E7B5DCD00A3C7FE /* Build configuration list for PBXProject "GaugeWatcher" */ = {
			isa = XCConfigurationList;
			buildConfigurations = (
				A1FB4A2E2E7B5DCE00A3C7FE /* Debug */,
				A1FB4A2F2E7B5DCE00A3C7FE /* Release */,
			);
			defaultConfigurationIsVisible = 0;
			defaultConfigurationName = Release;
		};
		A1FB4A302E7B5DCE00A3C7FE /* Build configuration list for PBXNativeTarget "GaugeWatcher" */ = {
			isa = XCConfigurationList;
			buildConfigurations = (
				A1FB4A312E7B5DCE00A3C7FE /* Debug */,
				A1FB4A322E7B5DCE00A3C7FE /* Release */,
			);
			defaultConfigurationIsVisible = 0;
			defaultConfigurationName = Release;
		};
		A1FB4A4B2E7B61EA00A3C7FE /* Build configuration list for PBXNativeTarget "GaugeWatcherTests" */ = {
			isa = XCConfigurationList;
			buildConfigurations = (
				A1FB4A4C2E7B61EA00A3C7FE /* Debug */,
				A1FB4A4D2E7B61EA00A3C7FE /* Release */,
			);
			defaultConfigurationIsVisible = 0;
			defaultConfigurationName = Release;
		};
		A1FB4A5A2E7B620000A3C7FE /* Build configuration list for PBXNativeTarget "GaugeWatcherUITests" */ = {
			isa = XCConfigurationList;
			buildConfigurations = (
				A1FB4A5B2E7B620000A3C7FE /* Debug */,
				A1FB4A5C2E7B620000A3C7FE /* Release */,
			);
			defaultConfigurationIsVisible = 0;
			defaultConfigurationName = Release;
		};
/* End XCConfigurationList section */

/* Begin XCLocalSwiftPackageReference section */
		A112A01A2EDAAF0100019370 /* XCLocalSwiftPackageReference "server/flow-forecast/sdks/FlowForecast" */ = {
			isa = XCLocalSwiftPackageReference;
			relativePath = "server/flow-forecast/sdks/FlowForecast";
		};
		A1526C282ED4D4BD0063C7FA /* XCLocalSwiftPackageReference "GaugeDrivers" */ = {
			isa = XCLocalSwiftPackageReference;
			relativePath = GaugeDrivers;
		};
		A1526C8F2ED51FCC0063C7FA /* XCLocalSwiftPackageReference "UIAppearance" */ = {
			isa = XCLocalSwiftPackageReference;
			relativePath = UIAppearance;
		};
		A1526CAB2ED526D30063C7FA /* XCLocalSwiftPackageReference "AppTelemetry" */ = {
			isa = XCLocalSwiftPackageReference;
			relativePath = AppTelemetry;
		};
		A1AAF2B32E7B711F004253ED /* XCLocalSwiftPackageReference "GaugeSources" */ = {
			isa = XCLocalSwiftPackageReference;
			relativePath = GaugeSources;
		};
/* End XCLocalSwiftPackageReference section */

/* Begin XCRemoteSwiftPackageReference section */
		A1526C5E2ED4EAA00063C7FA /* XCRemoteSwiftPackageReference "swift-algorithms" */ = {
			isa = XCRemoteSwiftPackageReference;
			repositoryURL = "https://github.com/apple/swift-algorithms.git";
			requirement = {
				kind = upToNextMajorVersion;
				minimumVersion = 1.2.1;
			};
		};
		A1526C702ED51C490063C7FA /* XCRemoteSwiftPackageReference "accessible-ui" */ = {
			isa = XCRemoteSwiftPackageReference;
			repositoryURL = "https://github.com/drewalth/accessible-ui.git";
			requirement = {
				branch = main;
				kind = branch;
			};
		};
		A16CEB992ED2187400DAD9D4 /* XCRemoteSwiftPackageReference "swift-composable-architecture" */ = {
			isa = XCRemoteSwiftPackageReference;
			repositoryURL = "https://github.com/pointfreeco/swift-composable-architecture";
			requirement = {
				kind = upToNextMajorVersion;
				minimumVersion = 1.23.1;
			};
		};
		A16CEBA42ED2193400DAD9D4 /* XCRemoteSwiftPackageReference "swift-loadable" */ = {
			isa = XCRemoteSwiftPackageReference;
			repositoryURL = "https://github.com/drewalth/swift-loadable.git";
			requirement = {
				branch = main;
				kind = branch;
			};
		};
		A1AAF27F2E7B63A2004253ED /* XCRemoteSwiftPackageReference "sqlite-data" */ = {
			isa = XCRemoteSwiftPackageReference;
			repositoryURL = "https://github.com/pointfreeco/sqlite-data";
			requirement = {
				kind = upToNextMajorVersion;
				minimumVersion = 1.0.0;
			};
		};
/* End XCRemoteSwiftPackageReference section */

/* Begin XCSwiftPackageProductDependency section */
		A112A01B2EDAAF0100019370 /* FlowForecast */ = {
			isa = XCSwiftPackageProductDependency;
			productName = FlowForecast;
		};
		A1387DDB2EF60C0500E8E735 /* AccessibleUI */ = {
			isa = XCSwiftPackageProductDependency;
			package = A1526C702ED51C490063C7FA /* XCRemoteSwiftPackageReference "accessible-ui" */;
			productName = AccessibleUI;
		};
		A1502F8C2EF2988900DCCBA0 /* SharedFeatures */ = {
			isa = XCSwiftPackageProductDependency;
			productName = SharedFeatures;
		};
		A1502FFF2EF32A7C00DCCBA0 /* AppDatabase */ = {
			isa = XCSwiftPackageProductDependency;
			productName = AppDatabase;
		};
		A15030012EF32A7C00DCCBA0 /* AppTelemetry */ = {
			isa = XCSwiftPackageProductDependency;
			productName = AppTelemetry;
		};
		A15030032EF32A7C00DCCBA0 /* GaugeDrivers */ = {
			isa = XCSwiftPackageProductDependency;
			productName = GaugeDrivers;
		};
		A15030052EF32A7C00DCCBA0 /* GaugeService */ = {
			isa = XCSwiftPackageProductDependency;
			productName = GaugeService;
		};
		A15030072EF32A7C00DCCBA0 /* GaugeSources */ = {
			isa = XCSwiftPackageProductDependency;
			productName = GaugeSources;
		};
		A15030092EF32A7C00DCCBA0 /* SharedFeatures */ = {
			isa = XCSwiftPackageProductDependency;
			productName = SharedFeatures;
		};
		A150300B2EF32A7C00DCCBA0 /* SQLiteData */ = {
			isa = XCSwiftPackageProductDependency;
			package = A1AAF27F2E7B63A2004253ED /* XCRemoteSwiftPackageReference "sqlite-data" */;
			productName = SQLiteData;
		};
		A150300D2EF32A7C00DCCBA0 /* ComposableArchitecture */ = {
			isa = XCSwiftPackageProductDependency;
			package = A16CEB992ED2187400DAD9D4 /* XCRemoteSwiftPackageReference "swift-composable-architecture" */;
			productName = ComposableArchitecture;
		};
		A150300F2EF32A7C00DCCBA0 /* Loadable */ = {
			isa = XCSwiftPackageProductDependency;
			package = A16CEBA42ED2193400DAD9D4 /* XCRemoteSwiftPackageReference "swift-loadable" */;
			productName = Loadable;
		};
		A1526C292ED4D4BD0063C7FA /* GaugeDrivers */ = {
			isa = XCSwiftPackageProductDependency;
			productName = GaugeDrivers;
		};
		A1526C5F2ED4EAA00063C7FA /* Algorithms */ = {
			isa = XCSwiftPackageProductDependency;
			package = A1526C5E2ED4EAA00063C7FA /* XCRemoteSwiftPackageReference "swift-algorithms" */;
			productName = Algorithms;
		};
		A1526C712ED51C490063C7FA /* AccessibleUI */ = {
			isa = XCSwiftPackageProductDependency;
			package = A1526C702ED51C490063C7FA /* XCRemoteSwiftPackageReference "accessible-ui" */;
			productName = AccessibleUI;
		};
		A1526C902ED51FCC0063C7FA /* UIAppearance */ = {
			isa = XCSwiftPackageProductDependency;
			productName = UIAppearance;
		};
		A1526CAC2ED526D30063C7FA /* AppTelemetry */ = {
			isa = XCSwiftPackageProductDependency;
			productName = AppTelemetry;
		};
		A16CEB9A2ED2187400DAD9D4 /* ComposableArchitecture */ = {
			isa = XCSwiftPackageProductDependency;
			package = A16CEB992ED2187400DAD9D4 /* XCRemoteSwiftPackageReference "swift-composable-architecture" */;
			productName = ComposableArchitecture;
		};
		A16CEBA52ED2193400DAD9D4 /* Loadable */ = {
			isa = XCSwiftPackageProductDependency;
			package = A16CEBA42ED2193400DAD9D4 /* XCRemoteSwiftPackageReference "swift-loadable" */;
			productName = Loadable;
		};
		A18830242EDE27FB0033F911 /* UIComponents */ = {
			isa = XCSwiftPackageProductDependency;
			productName = UIComponents;
		};
		A19585672EF2904A0087291B /* AppDatabase */ = {
			isa = XCSwiftPackageProductDependency;
			productName = AppDatabase;
		};
		A19585692EF290500087291B /* GaugeService */ = {
			isa = XCSwiftPackageProductDependency;
			productName = GaugeService;
		};
		A1AAF2802E7B63A2004253ED /* SQLiteData */ = {
			isa = XCSwiftPackageProductDependency;
			package = A1AAF27F2E7B63A2004253ED /* XCRemoteSwiftPackageReference "sqlite-data" */;
			productName = SQLiteData;
		};
		A1AAF2B42E7B711F004253ED /* GaugeSources */ = {
			isa = XCSwiftPackageProductDependency;
			productName = GaugeSources;
		};
/* End XCSwiftPackageProductDependency section */
	};
	rootObject = A1FB4A1D2E7B5DCD00A3C7FE /* Project object */;
}
